// !$*UTF8*$!
{
	archiveVersion = 1;
	classes = {
	};
	objectVersion = 50;
	objects = {

/* Begin PBXBuildFile section */
		3F7D07E221FAAE850047BDD3 /* Item.swift in Sources */ = {isa = PBXBuildFile; fileRef = 3F7D07E121FAAE850047BDD3 /* Item.swift */; };
		3FEFDE1121EA5F5E001EA114 /* AppDelegate.swift in Sources */ = {isa = PBXBuildFile; fileRef = 3FEFDE1021EA5F5E001EA114 /* AppDelegate.swift */; };
		3FEFDE1321EA5F5E001EA114 /* TodoListViewController.swift in Sources */ = {isa = PBXBuildFile; fileRef = 3FEFDE1221EA5F5E001EA114 /* TodoListViewController.swift */; };
		3FEFDE1621EA5F5E001EA114 /* Main.storyboard in Resources */ = {isa = PBXBuildFile; fileRef = 3FEFDE1421EA5F5E001EA114 /* Main.storyboard */; };
		3FEFDE1821EA5F5E001EA114 /* Assets.xcassets in Resources */ = {isa = PBXBuildFile; fileRef = 3FEFDE1721EA5F5E001EA114 /* Assets.xcassets */; };
		3FEFDE1B21EA5F5E001EA114 /* LaunchScreen.storyboard in Resources */ = {isa = PBXBuildFile; fileRef = 3FEFDE1921EA5F5E001EA114 /* LaunchScreen.storyboard */; };
/* End PBXBuildFile section */

/* Begin PBXFileReference section */
		3F7D07E121FAAE850047BDD3 /* Item.swift */ = {isa = PBXFileReference; lastKnownFileType = sourcecode.swift; path = Item.swift; sourceTree = "<group>"; };
		3FEFDE0D21EA5F5E001EA114 /* GetToDoey.app */ = {isa = PBXFileReference; explicitFileType = wrapper.application; includeInIndex = 0; path = GetToDoey.app; sourceTree = BUILT_PRODUCTS_DIR; };
		3FEFDE1021EA5F5E001EA114 /* AppDelegate.swift */ = {isa = PBXFileReference; lastKnownFileType = sourcecode.swift; path = AppDelegate.swift; sourceTree = "<group>"; };
		3FEFDE1221EA5F5E001EA114 /* TodoListViewController.swift */ = {isa = PBXFileReference; lastKnownFileType = sourcecode.swift; path = TodoListViewController.swift; sourceTree = "<group>"; };
		3FEFDE1521EA5F5E001EA114 /* Base */ = {isa = PBXFileReference; lastKnownFileType = file.storyboard; name = Base; path = Base.lproj/Main.storyboard; sourceTree = "<group>"; };
		3FEFDE1721EA5F5E001EA114 /* Assets.xcassets */ = {isa = PBXFileReference; lastKnownFileType = folder.assetcatalog; path = Assets.xcassets; sourceTree = "<group>"; };
		3FEFDE1A21EA5F5E001EA114 /* Base */ = {isa = PBXFileReference; lastKnownFileType = file.storyboard; name = Base; path = Base.lproj/LaunchScreen.storyboard; sourceTree = "<group>"; };
		3FEFDE1C21EA5F5E001EA114 /* Info.plist */ = {isa = PBXFileReference; lastKnownFileType = text.plist.xml; path = Info.plist; sourceTree = "<group>"; };
/* End PBXFileReference section */

/* Begin PBXFrameworksBuildPhase section */
		3FEFDE0A21EA5F5D001EA114 /* Frameworks */ = {
			isa = PBXFrameworksBuildPhase;
			buildActionMask = 2147483647;
			files = (
			);
			runOnlyForDeploymentPostprocessing = 0;
		};
/* End PBXFrameworksBuildPhase section */

/* Begin PBXGroup section */
		3F7D07E321FAAE9D0047BDD3 /* Data Model */ = {
			isa = PBXGroup;
			children = (
				3F7D07E121FAAE850047BDD3 /* Item.swift */,
			);
			path = "Data Model";
			sourceTree = "<group>";
		};
		3F7D07E421FAAF250047BDD3 /* Controllers */ = {
			isa = PBXGroup;
			children = (
				3FEFDE1221EA5F5E001EA114 /* TodoListViewController.swift */,
			);
			path = Controllers;
			sourceTree = "<group>";
		};
		3F7D07E521FAAF530047BDD3 /* View */ = {
			isa = PBXGroup;
			children = (
				3FEFDE1421EA5F5E001EA114 /* Main.storyboard */,
			);
			path = View;
			sourceTree = "<group>";
		};
		3F7D07E621FAAF760047BDD3 /* Supporting Files */ = {
			isa = PBXGroup;
			children = (
				3FEFDE1721EA5F5E001EA114 /* Assets.xcassets */,
				3FEFDE1921EA5F5E001EA114 /* LaunchScreen.storyboard */,
			);
			path = "Supporting Files";
			sourceTree = "<group>";
		};
		3FEFDE0421EA5F5D001EA114 = {
			isa = PBXGroup;
			children = (
				3FEFDE0F21EA5F5E001EA114 /* GetToDoey */,
				3FEFDE0E21EA5F5E001EA114 /* Products */,
			);
			sourceTree = "<group>";
		};
		3FEFDE0E21EA5F5E001EA114 /* Products */ = {
			isa = PBXGroup;
			children = (
				3FEFDE0D21EA5F5E001EA114 /* GetToDoey.app */,
			);
			name = Products;
			sourceTree = "<group>";
		};
		3FEFDE0F21EA5F5E001EA114 /* GetToDoey */ = {
			isa = PBXGroup;
			children = (
				3FEFDE1021EA5F5E001EA114 /* AppDelegate.swift */,
				3F7D07E421FAAF250047BDD3 /* Controllers */,
				3F7D07E321FAAE9D0047BDD3 /* Data Model */,
				3F7D07E521FAAF530047BDD3 /* View */,
				3F7D07E621FAAF760047BDD3 /* Supporting Files */,
				3FEFDE1C21EA5F5E001EA114 /* Info.plist */,
			);
			path = GetToDoey;
			sourceTree = "<group>";
		};
/* End PBXGroup section */

/* Begin PBXNativeTarget section */
		3FEFDE0C21EA5F5D001EA114 /* GetToDoey */ = {
			isa = PBXNativeTarget;
			buildConfigurationList = 3FEFDE1F21EA5F5E001EA114 /* Build configuration list for PBXNativeTarget "GetToDoey" */;
			buildPhases = (
				3FEFDE0921EA5F5D001EA114 /* Sources */,
				3FEFDE0A21EA5F5D001EA114 /* Frameworks */,
				3FEFDE0B21EA5F5D001EA114 /* Resources */,
			);
			buildRules = (
			);
			dependencies = (
			);
			name = GetToDoey;
			productName = GetToDoey;
			productReference = 3FEFDE0D21EA5F5E001EA114 /* GetToDoey.app */;
			productType = "com.apple.product-type.application";
		};
/* End PBXNativeTarget section */

/* Begin PBXProject section */
		3FEFDE0521EA5F5D001EA114 /* Project object */ = {
			isa = PBXProject;
			attributes = {
				LastSwiftUpdateCheck = 1010;
				LastUpgradeCheck = 1010;
				ORGANIZATIONNAME = "Kosmic Boo";
				TargetAttributes = {
					3FEFDE0C21EA5F5D001EA114 = {
						CreatedOnToolsVersion = 10.1;
					};
				};
			};
			buildConfigurationList = 3FEFDE0821EA5F5D001EA114 /* Build configuration list for PBXProject "GetToDoey" */;
			compatibilityVersion = "Xcode 9.3";
			developmentRegion = en;
			hasScannedForEncodings = 0;
			knownRegions = (
				en,
				Base,
			);
			mainGroup = 3FEFDE0421EA5F5D001EA114;
			productRefGroup = 3FEFDE0E21EA5F5E001EA114 /* Products */;
			projectDirPath = "";
			projectRoot = "";
			targets = (
				3FEFDE0C21EA5F5D001EA114 /* GetToDoey */,
			);
		};
/* End PBXProject section */

/* Begin PBXResourcesBuildPhase section */
		3FEFDE0B21EA5F5D001EA114 /* Resources */ = {
			isa = PBXResourcesBuildPhase;
			buildActionMask = 2147483647;
			files = (
				3FEFDE1B21EA5F5E001EA114 /* LaunchScreen.storyboard in Resources */,
				3FEFDE1821EA5F5E001EA114 /* Assets.xcassets in Resources */,
				3FEFDE1621EA5F5E001EA114 /* Main.storyboard in Resources */,
			);
			runOnlyForDeploymentPostprocessing = 0;
		};
/* End PBXResourcesBuildPhase section */

/* Begin PBXSourcesBuildPhase section */
		3FEFDE0921EA5F5D001EA114 /* Sources */ = {
			isa = PBXSourcesBuildPhase;
			buildActionMask = 2147483647;
			files = (
				3FEFDE1321EA5F5E001EA114 /* TodoListViewController.swift in Sources */,
				3F7D07E221FAAE850047BDD3 /* Item.swift in Sources */,
				3FEFDE1121EA5F5E001EA114 /* AppDelegate.swift in Sources */,
			);
			runOnlyForDeploymentPostprocessing = 0;
		};
/* End PBXSourcesBuildPhase section */

/* Begin PBXVariantGroup section */
		3FEFDE1421EA5F5E001EA114 /* Main.storyboard */ = {
			isa = PBXVariantGroup;
			children = (
				3FEFDE1521EA5F5E001EA114 /* Base */,
			);
			name = Main.storyboard;
			sourceTree = "<group>";
		};
		3FEFDE1921EA5F5E001EA114 /* LaunchScreen.storyboard */ = {
			isa = PBXVariantGroup;
			children = (
				3FEFDE1A21EA5F5E001EA114 /* Base */,
			);
			name = LaunchScreen.storyboard;
			sourceTree = "<group>";
		};
/* End PBXVariantGroup section */

/* Begin XCBuildConfiguration section */
		3FEFDE1D21EA5F5E001EA114 /* Debug */ = {
			isa = XCBuildConfiguration;
			buildSettings = {
				ALWAYS_SEARCH_USER_PATHS = NO;
				CLANG_ANALYZER_NONNULL = YES;
				CLANG_ANALYZER_NUMBER_OBJECT_CONVERSION = YES_AGGRESSIVE;
				CLANG_CXX_LANGUAGE_STANDARD = "gnu++14";
				CLANG_CXX_LIBRARY = "libc++";
				CLANG_ENABLE_MODULES = YES;
				CLANG_ENABLE_OBJC_ARC = YES;
				CLANG_ENABLE_OBJC_WEAK = YES;
				CLANG_WARN_BLOCK_CAPTURE_AUTORELEASING = YES;
				CLANG_WARN_BOOL_CONVERSION = YES;
				CLANG_WARN_COMMA = YES;
				CLANG_WARN_CONSTANT_CONVERSION = YES;
				CLANG_WARN_DEPRECATED_OBJC_IMPLEMENTATIONS = YES;
				CLANG_WARN_DIRECT_OBJC_ISA_USAGE = YES_ERROR;
				CLANG_WARN_DOCUMENTATION_COMMENTS = YES;
				CLANG_WARN_EMPTY_BODY = YES;
				CLANG_WARN_ENUM_CONVERSION = YES;
				CLANG_WARN_INFINITE_RECURSION = YES;
				CLANG_WARN_INT_CONVERSION = YES;
				CLANG_WARN_NON_LITERAL_NULL_CONVERSION = YES;
				CLANG_WARN_OBJC_IMPLICIT_RETAIN_SELF = YES;
				CLANG_WARN_OBJC_LITERAL_CONVERSION = YES;
				CLANG_WARN_OBJC_ROOT_CLASS = YES_ERROR;
				CLANG_WARN_RANGE_LOOP_ANALYSIS = YES;
				CLANG_WARN_STRICT_PROTOTYPES = YES;
				CLANG_WARN_SUSPICIOUS_MOVE = YES;
				CLANG_WARN_UNGUARDED_AVAILABILITY = YES_AGGRESSIVE;
				CLANG_WARN_UNREACHABLE_CODE = YES;
				CLANG_WARN__DUPLICATE_METHOD_MATCH = YES;
				CODE_SIGN_IDENTITY = "iPhone Developer";
				COPY_PHASE_STRIP = NO;
				DEBUG_INFORMATION_FORMAT = dwarf;
				ENABLE_STRICT_OBJC_MSGSEND = YES;
				ENABLE_TESTABILITY = YES;
				GCC_C_LANGUAGE_STANDARD = gnu11;
				GCC_DYNAMIC_NO_PIC = NO;
				GCC_NO_COMMON_BLOCKS = YES;
				GCC_OPTIMIZATION_LEVEL = 0;
				GCC_PREPROCESSOR_DEFINITIONS = (
					"DEBUG=1",
					"$(inherited)",
				);
				GCC_WARN_64_TO_32_BIT_CONVERSION = YES;
				GCC_WARN_ABOUT_RETURN_TYPE = YES_ERROR;
				GCC_WARN_UNDECLARED_SELECTOR = YES;
				GCC_WARN_UNINITIALIZED_AUTOS = YES_AGGRESSIVE;
				GCC_WARN_UNUSED_FUNCTION = YES;
				GCC_WARN_UNUSED_VARIABLE = YES;
				IPHONEOS_DEPLOYMENT_TARGET = 12.1;
				MTL_ENABLE_DEBUG_INFO = INCLUDE_SOURCE;
				MTL_FAST_MATH = YES;
				ONLY_ACTIVE_ARCH = YES;
				SDKROOT = iphoneos;
				SWIFT_ACTIVE_COMPILATION_CONDITIONS = DEBUG;
				SWIFT_OPTIMIZATION_LEVEL = "-Onone";
			};
			name = Debug;
		};
		3FEFDE1E21EA5F5E001EA114 /* Release */ = {
			isa = XCBuildConfiguration;
			buildSettings = {
				ALWAYS_SEARCH_USER_PATHS = NO;
				CLANG_ANALYZER_NONNULL = YES;
				CLANG_ANALYZER_NUMBER_OBJECT_CONVERSION = YES_AGGRESSIVE;
				CLANG_CXX_LANGUAGE_STANDARD = "gnu++14";
				CLANG_CXX_LIBRARY = "libc++";
				CLANG_ENABLE_MODULES = YES;
				CLANG_ENABLE_OBJC_ARC = YES;
				CLANG_ENABLE_OBJC_WEAK = YES;
				CLANG_WARN_BLOCK_CAPTURE_AUTORELEASING = YES;
				CLANG_WARN_BOOL_CONVERSION = YES;
				CLANG_WARN_COMMA = YES;
				CLANG_WARN_CONSTANT_CONVERSION = YES;
				CLANG_WARN_DEPRECATED_OBJC_IMPLEMENTATIONS = YES;
				CLANG_WARN_DIRECT_OBJC_ISA_USAGE = YES_ERROR;
				CLANG_WARN_DOCUMENTATION_COMMENTS = YES;
				CLANG_WARN_EMPTY_BODY = YES;
				CLANG_WARN_ENUM_CONVERSION = YES;
				CLANG_WARN_INFINITE_RECURSION = YES;
				CLANG_WARN_INT_CONVERSION = YES;
				CLANG_WARN_NON_LITERAL_NULL_CONVERSION = YES;
				CLANG_WARN_OBJC_IMPLICIT_RETAIN_SELF = YES;
				CLANG_WARN_OBJC_LITERAL_CONVERSION = YES;
				CLANG_WARN_OBJC_ROOT_CLASS = YES_ERROR;
				CLANG_WARN_RANGE_LOOP_ANALYSIS = YES;
				CLANG_WARN_STRICT_PROTOTYPES = YES;
				CLANG_WARN_SUSPICIOUS_MOVE = YES;
				CLANG_WARN_UNGUARDED_AVAILABILITY = YES_AGGRESSIVE;
				CLANG_WARN_UNREACHABLE_CODE = YES;
				CLANG_WARN__DUPLICATE_METHOD_MATCH = YES;
				CODE_SIGN_IDENTITY = "iPhone Developer";
				COPY_PHASE_STRIP = NO;
				DEBUG_INFORMATION_FORMAT = "dwarf-with-dsym";
				ENABLE_NS_ASSERTIONS = NO;
				ENABLE_STRICT_OBJC_MSGSEND = YES;
				GCC_C_LANGUAGE_STANDARD = gnu11;
				GCC_NO_COMMON_BLOCKS = YES;
				GCC_WARN_64_TO_32_BIT_CONVERSION = YES;
				GCC_WARN_ABOUT_RETURN_TYPE = YES_ERROR;
				GCC_WARN_UNDECLARED_SELECTOR = YES;
				GCC_WARN_UNINITIALIZED_AUTOS = YES_AGGRESSIVE;
				GCC_WARN_UNUSED_FUNCTION = YES;
				GCC_WARN_UNUSED_VARIABLE = YES;
				IPHONEOS_DEPLOYMENT_TARGET = 12.1;
				MTL_ENABLE_DEBUG_INFO = NO;
				MTL_FAST_MATH = YES;
				SDKROOT = iphoneos;
				SWIFT_COMPILATION_MODE = wholemodule;
				SWIFT_OPTIMIZATION_LEVEL = "-O";
				VALIDATE_PRODUCT = YES;
			};
			name = Release;
		};
		3FEFDE2021EA5F5E001EA114 /* Debug */ = {
			isa = XCBuildConfiguration;
			buildSettings = {
				ASSETCATALOG_COMPILER_APPICON_NAME = AppIcon;
				CODE_SIGN_STYLE = Automatic;
				DEVELOPMENT_TEAM = F2GMQ62453;
				INFOPLIST_FILE = GetToDoey/Info.plist;
				LD_RUNPATH_SEARCH_PATHS = (
					"$(inherited)",
					"@executable_path/Frameworks",
				);
				PRODUCT_BUNDLE_IDENTIFIER = com.kosmicboo.GetToDoey;
				PRODUCT_NAME = "$(TARGET_NAME)";
				SWIFT_VERSION = 4.2;
				TARGETED_DEVICE_FAMILY = "1,2";
			};
			name = Debug;
		};
		3FEFDE2121EA5F5E001EA114 /* Release */ = {
			isa = XCBuildConfiguration;
			buildSettings = {
				ASSETCATALOG_COMPILER_APPICON_NAME = AppIcon;
				CODE_SIGN_STYLE = Automatic;
				DEVELOPMENT_TEAM = F2GMQ62453;
				INFOPLIST_FILE = GetToDoey/Info.plist;
				LD_RUNPATH_SEARCH_PATHS = (
					"$(inherited)",
					"@executable_path/Frameworks",
				);
				PRODUCT_BUNDLE_IDENTIFIER = com.kosmicboo.GetToDoey;
				PRODUCT_NAME = "$(TARGET_NAME)";
				SWIFT_VERSION = 4.2;
				TARGETED_DEVICE_FAMILY = "1,2";
			};
			name = Release;
		};
/* End XCBuildConfiguration section */

/* Begin XCConfigurationList section */
		3FEFDE0821EA5F5D001EA114 /* Build configuration list for PBXProject "GetToDoey" */ = {
			isa = XCConfigurationList;
			buildConfigurations = (
				3FEFDE1D21EA5F5E001EA114 /* Debug */,
				3FEFDE1E21EA5F5E001EA114 /* Release */,
			);
			defaultConfigurationIsVisible = 0;
			defaultConfigurationName = Release;
		};
		3FEFDE1F21EA5F5E001EA114 /* Build configuration list for PBXNativeTarget "GetToDoey" */ = {
			isa = XCConfigurationList;
			buildConfigurations = (
				3FEFDE2021EA5F5E001EA114 /* Debug */,
				3FEFDE2121EA5F5E001EA114 /* Release */,
			);
			defaultConfigurationIsVisible = 0;
			defaultConfigurationName = Release;
		};
/* End XCConfigurationList section */
	};
	rootObject = 3FEFDE0521EA5F5D001EA114 /* Project object */;
}
